
Microsoft Visual Studio Solution File, Format Version 12.00
# Visual Studio Version 16
VisualStudioVersion = 16.0.32002.261
MinimumVisualStudioVersion = 10.0.40219.1
Project("{8BC9CEB8-8B4A-11D0-8D11-00A0C91BC942}") = "1 CONTROL STATEMENTS", "1 CONTROL STATEMENTS\1 CONTROL STATEMENTS.vcxproj", "{97DCA617-EC16-4F8B-A13D-6E90EF6D299D}"
EndProject
Global
	GlobalSection(SolutionConfigurationPlatforms) = preSolution
		Debug|x64 = Debug|x64
		Debug|x86 = Debug|x86
		Release|x64 = Release|x64
		Release|x86 = Release|x86
	EndGlobalSection
	GlobalSection(ProjectConfigurationPlatforms) = postSolution
		{97DCA617-EC16-4F8B-A13D-6E90EF6D299D}.Debug|x64.ActiveCfg = Debug|x64
		{97DCA617-EC16-4F8B-A13D-6E90EF6D299D}.Debug|x64.Build.0 = Debug|x64
		{97DCA617-EC16-4F8B-A13D-6E90EF6D299D}.Debug|x86.ActiveCfg = Debug|Win32
		{97DCA617-EC16-4F8B-A13D-6E90EF6D299D}.Debug|x86.Build.0 = Debug|Win32
		{97DCA617-EC16-4F8B-A13D-6E90EF6D299D}.Release|x64.ActiveCfg = Release|x64
		{97DCA617-EC16-4F8B-A13D-6E90EF6D299D}.Release|x64.Build.0 = Release|x64
		{97DCA617-EC16-4F8B-A13D-6E90EF6D299D}.Release|x86.ActiveCfg = Release|Win32
		{97DCA617-EC16-4F8B-A13D-6E90EF6D299D}.Release|x86.Build.0 = Release|Win32
	EndGlobalSection
	GlobalSection(SolutionProperties) = preSolution
		HideSolutionNode = FALSE
	EndGlobalSection
	GlobalSection(ExtensibilityGlobals) = postSolution
		SolutionGuid = {A74BBB84-933A-44A9-AD59-F3EDA6000658}
	EndGlobalSection
EndGlobal
