
Microsoft Visual Studio Solution File, Format Version 12.00
# Visual Studio Version 16
VisualStudioVersion = 16.0.32002.261
MinimumVisualStudioVersion = 10.0.40219.1
Project("{8BC9CEB8-8B4A-11D0-8D11-00A0C91BC942}") = "control statements", "control statements\control statements.vcxproj", "{7143656A-54C0-4F40-98FC-F2F71A146FDC}"
EndProject
Global
	GlobalSection(SolutionConfigurationPlatforms) = preSolution
		Debug|x64 = Debug|x64
		Debug|x86 = Debug|x86
		Release|x64 = Release|x64
		Release|x86 = Release|x86
	EndGlobalSection
	GlobalSection(ProjectConfigurationPlatforms) = postSolution
		{7143656A-54C0-4F40-98FC-F2F71A146FDC}.Debug|x64.ActiveCfg = Debug|x64
		{7143656A-54C0-4F40-98FC-F2F71A146FDC}.Debug|x64.Build.0 = Debug|x64
		{7143656A-54C0-4F40-98FC-F2F71A146FDC}.Debug|x86.ActiveCfg = Debug|Win32
		{7143656A-54C0-4F40-98FC-F2F71A146FDC}.Debug|x86.Build.0 = Debug|Win32
		{7143656A-54C0-4F40-98FC-F2F71A146FDC}.Release|x64.ActiveCfg = Release|x64
		{7143656A-54C0-4F40-98FC-F2F71A146FDC}.Release|x64.Build.0 = Release|x64
		{7143656A-54C0-4F40-98FC-F2F71A146FDC}.Release|x86.ActiveCfg = Release|Win32
		{7143656A-54C0-4F40-98FC-F2F71A146FDC}.Release|x86.Build.0 = Release|Win32
	EndGlobalSection
	GlobalSection(SolutionProperties) = preSolution
		HideSolutionNode = FALSE
	EndGlobalSection
	GlobalSection(ExtensibilityGlobals) = postSolution
		SolutionGuid = {CAE858D5-BE76-4A94-8EA6-6ADA406E1649}
	EndGlobalSection
EndGlobal
