
Microsoft Visual Studio Solution File, Format Version 12.00
# Visual Studio Version 17
VisualStudioVersion = 17.6.33723.286
MinimumVisualStudioVersion = 10.0.40219.1
Project("{8BC9CEB8-8B4A-11D0-8D11-00A0C91BC942}") = "6 MATH FUN", "6 MATH FUN\6 MATH FUN.vcxproj", "{7E0FAE26-E56C-4241-B29D-10A00747EEBE}"
EndProject
Global
	GlobalSection(SolutionConfigurationPlatforms) = preSolution
		Debug|x64 = Debug|x64
		Debug|x86 = Debug|x86
		Release|x64 = Release|x64
		Release|x86 = Release|x86
	EndGlobalSection
	GlobalSection(ProjectConfigurationPlatforms) = postSolution
		{7E0FAE26-E56C-4241-B29D-10A00747EEBE}.Debug|x64.ActiveCfg = Debug|x64
		{7E0FAE26-E56C-4241-B29D-10A00747EEBE}.Debug|x64.Build.0 = Debug|x64
		{7E0FAE26-E56C-4241-B29D-10A00747EEBE}.Debug|x86.ActiveCfg = Debug|Win32
		{7E0FAE26-E56C-4241-B29D-10A00747EEBE}.Debug|x86.Build.0 = Debug|Win32
		{7E0FAE26-E56C-4241-B29D-10A00747EEBE}.Release|x64.ActiveCfg = Release|x64
		{7E0FAE26-E56C-4241-B29D-10A00747EEBE}.Release|x64.Build.0 = Release|x64
		{7E0FAE26-E56C-4241-B29D-10A00747EEBE}.Release|x86.ActiveCfg = Release|Win32
		{7E0FAE26-E56C-4241-B29D-10A00747EEBE}.Release|x86.Build.0 = Release|Win32
	EndGlobalSection
	GlobalSection(SolutionProperties) = preSolution
		HideSolutionNode = FALSE
	EndGlobalSection
	GlobalSection(ExtensibilityGlobals) = postSolution
		SolutionGuid = {809A7D4B-832A-4023-9E36-D2DC6D5E4528}
	EndGlobalSection
EndGlobal
