
Microsoft Visual Studio Solution File, Format Version 12.00
# Visual Studio Version 17
VisualStudioVersion = 17.4.33205.214
MinimumVisualStudioVersion = 10.0.40219.1
Project("{8BC9CEB8-8B4A-11D0-8D11-00A0C91BC942}") = "WEIGHT TRACKING", "WEIGHT TRACKING\WEIGHT TRACKING.vcxproj", "{618D42BC-71E1-4825-A356-5ABDDB2BAF35}"
EndProject
Global
	GlobalSection(SolutionConfigurationPlatforms) = preSolution
		Debug|x64 = Debug|x64
		Debug|x86 = Debug|x86
		Release|x64 = Release|x64
		Release|x86 = Release|x86
	EndGlobalSection
	GlobalSection(ProjectConfigurationPlatforms) = postSolution
		{618D42BC-71E1-4825-A356-5ABDDB2BAF35}.Debug|x64.ActiveCfg = Debug|x64
		{618D42BC-71E1-4825-A356-5ABDDB2BAF35}.Debug|x64.Build.0 = Debug|x64
		{618D42BC-71E1-4825-A356-5ABDDB2BAF35}.Debug|x86.ActiveCfg = Debug|Win32
		{618D42BC-71E1-4825-A356-5ABDDB2BAF35}.Debug|x86.Build.0 = Debug|Win32
		{618D42BC-71E1-4825-A356-5ABDDB2BAF35}.Release|x64.ActiveCfg = Release|x64
		{618D42BC-71E1-4825-A356-5ABDDB2BAF35}.Release|x64.Build.0 = Release|x64
		{618D42BC-71E1-4825-A356-5ABDDB2BAF35}.Release|x86.ActiveCfg = Release|Win32
		{618D42BC-71E1-4825-A356-5ABDDB2BAF35}.Release|x86.Build.0 = Release|Win32
	EndGlobalSection
	GlobalSection(SolutionProperties) = preSolution
		HideSolutionNode = FALSE
	EndGlobalSection
	GlobalSection(ExtensibilityGlobals) = postSolution
		SolutionGuid = {780B2902-CDD6-4811-BC0D-EAD0308688B4}
	EndGlobalSection
EndGlobal
